# Generated by pub
# See http://pub.dartlang.org/doc/glossary.html#lockfile
packages:
  browser:
    description: browser
    source: hosted
    version: "0.5.9"
  google_maps:
    description: google_maps
    source: hosted
    version: "1.1.11"
  js:
    description: js
    source: hosted
    version: "0.0.22"
  meta:
    description: meta
    source: hosted
    version: "0.5.9"
